
Microsoft Visual Studio Solution File, Format Version 12.00
# Visual Studio Version 17
VisualStudioVersion = 17.5.33627.172
MinimumVisualStudioVersion = 10.0.40219.1
Project("{8BC9CEB8-8B4A-11D0-8D11-00A0C91BC942}") = "001_inverse_test", "001_inverse_test\001_inverse_test.vcxproj", "{22AB3D93-506D-4220-BB20-5062D9795DDC}"
EndProject
Global
	GlobalSection(SolutionConfigurationPlatforms) = preSolution
		Debug|x64 = Debug|x64
		Debug|x86 = Debug|x86
		Release|x64 = Release|x64
		Release|x86 = Release|x86
	EndGlobalSection
	GlobalSection(ProjectConfigurationPlatforms) = postSolution
		{22AB3D93-506D-4220-BB20-5062D9795DDC}.Debug|x64.ActiveCfg = Debug|x64
		{22AB3D93-506D-4220-BB20-5062D9795DDC}.Debug|x64.Build.0 = Debug|x64
		{22AB3D93-506D-4220-BB20-5062D9795DDC}.Debug|x86.ActiveCfg = Debug|Win32
		{22AB3D93-506D-4220-BB20-5062D9795DDC}.Debug|x86.Build.0 = Debug|Win32
		{22AB3D93-506D-4220-BB20-5062D9795DDC}.Release|x64.ActiveCfg = Release|x64
		{22AB3D93-506D-4220-BB20-5062D9795DDC}.Release|x64.Build.0 = Release|x64
		{22AB3D93-506D-4220-BB20-5062D9795DDC}.Release|x86.ActiveCfg = Release|Win32
		{22AB3D93-506D-4220-BB20-5062D9795DDC}.Release|x86.Build.0 = Release|Win32
	EndGlobalSection
	GlobalSection(SolutionProperties) = preSolution
		HideSolutionNode = FALSE
	EndGlobalSection
	GlobalSection(ExtensibilityGlobals) = postSolution
		SolutionGuid = {1FD6D68A-266F-4A0C-8354-340678ECA80D}
	EndGlobalSection
EndGlobal
