
Microsoft Visual Studio Solution File, Format Version 12.00
# Visual Studio Version 17
VisualStudioVersion = 17.5.33627.172
MinimumVisualStudioVersion = 10.0.40219.1
Project("{8BC9CEB8-8B4A-11D0-8D11-00A0C91BC942}") = "002_struct_test", "002_struct_test\002_struct_test.vcxproj", "{D1F99A35-8454-4810-89DB-0FB8606A84A7}"
EndProject
Global
	GlobalSection(SolutionConfigurationPlatforms) = preSolution
		Debug|x64 = Debug|x64
		Debug|x86 = Debug|x86
		Release|x64 = Release|x64
		Release|x86 = Release|x86
	EndGlobalSection
	GlobalSection(ProjectConfigurationPlatforms) = postSolution
		{D1F99A35-8454-4810-89DB-0FB8606A84A7}.Debug|x64.ActiveCfg = Debug|x64
		{D1F99A35-8454-4810-89DB-0FB8606A84A7}.Debug|x64.Build.0 = Debug|x64
		{D1F99A35-8454-4810-89DB-0FB8606A84A7}.Debug|x86.ActiveCfg = Debug|Win32
		{D1F99A35-8454-4810-89DB-0FB8606A84A7}.Debug|x86.Build.0 = Debug|Win32
		{D1F99A35-8454-4810-89DB-0FB8606A84A7}.Release|x64.ActiveCfg = Release|x64
		{D1F99A35-8454-4810-89DB-0FB8606A84A7}.Release|x64.Build.0 = Release|x64
		{D1F99A35-8454-4810-89DB-0FB8606A84A7}.Release|x86.ActiveCfg = Release|Win32
		{D1F99A35-8454-4810-89DB-0FB8606A84A7}.Release|x86.Build.0 = Release|Win32
	EndGlobalSection
	GlobalSection(SolutionProperties) = preSolution
		HideSolutionNode = FALSE
	EndGlobalSection
	GlobalSection(ExtensibilityGlobals) = postSolution
		SolutionGuid = {5AE4961C-88AB-4502-A392-948DE7891AA2}
	EndGlobalSection
EndGlobal
